
Microsoft Visual Studio Solution File, Format Version 12.00
# Visual Studio Version 17
VisualStudioVersion = 17.0.31903.59
MinimumVisualStudioVersion = 10.0.40219.1
Project("{FAE04EC0-301F-11D3-BF4B-00C04F79EFBC}") = "Katchau.Contracts", "Katchau.Contracts\Katchau.Contracts.csproj", "{7103BD5E-B7D5-4C5C-850B-5BB661DB8F4D}"
EndProject
Project("{FAE04EC0-301F-11D3-BF4B-00C04F79EFBC}") = "Katchau", "Katchau\Katchau.csproj", "{9955B1C5-7ADE-4302-8D01-E529984CA2F6}"
EndProject
Global
	GlobalSection(SolutionConfigurationPlatforms) = preSolution
		Debug|Any CPU = Debug|Any CPU
		Release|Any CPU = Release|Any CPU
	EndGlobalSection
	GlobalSection(SolutionProperties) = preSolution
		HideSolutionNode = FALSE
	EndGlobalSection
	GlobalSection(ProjectConfigurationPlatforms) = postSolution
		{7103BD5E-B7D5-4C5C-850B-5BB661DB8F4D}.Debug|Any CPU.ActiveCfg = Debug|Any CPU
		{7103BD5E-B7D5-4C5C-850B-5BB661DB8F4D}.Debug|Any CPU.Build.0 = Debug|Any CPU
		{7103BD5E-B7D5-4C5C-850B-5BB661DB8F4D}.Release|Any CPU.ActiveCfg = Release|Any CPU
		{7103BD5E-B7D5-4C5C-850B-5BB661DB8F4D}.Release|Any CPU.Build.0 = Release|Any CPU
		{9955B1C5-7ADE-4302-8D01-E529984CA2F6}.Debug|Any CPU.ActiveCfg = Debug|Any CPU
		{9955B1C5-7ADE-4302-8D01-E529984CA2F6}.Debug|Any CPU.Build.0 = Debug|Any CPU
		{9955B1C5-7ADE-4302-8D01-E529984CA2F6}.Release|Any CPU.ActiveCfg = Release|Any CPU
		{9955B1C5-7ADE-4302-8D01-E529984CA2F6}.Release|Any CPU.Build.0 = Release|Any CPU
	EndGlobalSection
EndGlobal
